
Microsoft Visual Studio Solution File, Format Version 12.00
# Visual Studio 2013
VisualStudioVersion = 12.0.30501.0
MinimumVisualStudioVersion = 10.0.40219.1
Project("{FAE04EC0-301F-11D3-BF4B-00C04F79EFBC}") = "CircledFrame.Forms.Plugin.Abstractions", "ImageCircle.Forms.Plugin.Abstractions\CircledFrame.Forms.Plugin.Abstractions.csproj", "{14C534B6-1984-41A9-A384-D3A5508588E3}"
EndProject
Project("{FAE04EC0-301F-11D3-BF4B-00C04F79EFBC}") = "CircledFrame.Forms.Plugin.iOS", "ImageCircle.Forms.Plugin.iOS\CircledFrame.Forms.Plugin.iOS.csproj", "{D525F236-6A2D-4010-B1CC-4A4B8581C90B}"
EndProject
Project("{FAE04EC0-301F-11D3-BF4B-00C04F79EFBC}") = "CircledFrame.Forms.Plugin.Android", "ImageCircle.Forms.Plugin.Android\CircledFrame.Forms.Plugin.Android.csproj", "{AD2D2DB4-E781-4CF1-9B62-3AAD264F196D}"
EndProject
Project("{FAE04EC0-301F-11D3-BF4B-00C04F79EFBC}") = "CircledFrame.Forms.Plugin.WindowsPhone", "ImageCircle.Forms.Plugin.WindowsPhone\CircledFrame.Forms.Plugin.WindowsPhone.csproj", "{983B7EFF-7E75-4A87-890A-744A0B4C5232}"
EndProject
Project("{2150E333-8FDC-42A3-9474-1A3956D46DE8}") = "Solution Items", "Solution Items", "{49C6E954-C9FF-429A-A011-E647B388FA12}"
	ProjectSection(SolutionItems) = preProject
		CircleFrame.Forms.Plugin.nuspec = CircleFrame.Forms.Plugin.nuspec
	EndProjectSection
EndProject
Project("{FAE04EC0-301F-11D3-BF4B-00C04F79EFBC}") = "CircledFrame.Forms.Plugin.iOSUnified", "ImageCircle.Forms.Plugin.iOSUnified\CircledFrame.Forms.Plugin.iOSUnified.csproj", "{766CEEEE-3AD1-4F14-AAF2-9D26990F1E40}"
EndProject
Project("{FAE04EC0-301F-11D3-BF4B-00C04F79EFBC}") = "TestApp", "TestApp\TestApp\TestApp.csproj", "{95E19016-3928-4222-A463-84C3E02BDBB0}"
EndProject
Project("{FAE04EC0-301F-11D3-BF4B-00C04F79EFBC}") = "TestApp.iOS", "TestApp\TestApp.iOS\TestApp.iOS.csproj", "{D46A098B-15C0-4803-840F-34C8906C89AB}"
EndProject
Project("{FAE04EC0-301F-11D3-BF4B-00C04F79EFBC}") = "TestApp.Droid", "TestApp\TestApp.Droid\TestApp.Droid.csproj", "{2EE6C180-B6F2-4CA7-BF09-39AB8EAC13E0}"
EndProject
Project("{FAE04EC0-301F-11D3-BF4B-00C04F79EFBC}") = "TestApp.WinPhone", "TestApp\TestApp.WinPhone\TestApp.WinPhone.csproj", "{12F69593-580A-4A0A-A32C-19D3E89BA6EF}"
EndProject
Global
	GlobalSection(SolutionConfigurationPlatforms) = preSolution
		Ad-Hoc|Any CPU = Ad-Hoc|Any CPU
		Ad-Hoc|ARM = Ad-Hoc|ARM
		Ad-Hoc|iPhone = Ad-Hoc|iPhone
		Ad-Hoc|iPhoneSimulator = Ad-Hoc|iPhoneSimulator
		Ad-Hoc|Mixed Platforms = Ad-Hoc|Mixed Platforms
		Ad-Hoc|x86 = Ad-Hoc|x86
		AppStore|Any CPU = AppStore|Any CPU
		AppStore|ARM = AppStore|ARM
		AppStore|iPhone = AppStore|iPhone
		AppStore|iPhoneSimulator = AppStore|iPhoneSimulator
		AppStore|Mixed Platforms = AppStore|Mixed Platforms
		AppStore|x86 = AppStore|x86
		Debug|Any CPU = Debug|Any CPU
		Debug|ARM = Debug|ARM
		Debug|iPhone = Debug|iPhone
		Debug|iPhoneSimulator = Debug|iPhoneSimulator
		Debug|Mixed Platforms = Debug|Mixed Platforms
		Debug|x86 = Debug|x86
		Release|Any CPU = Release|Any CPU
		Release|ARM = Release|ARM
		Release|iPhone = Release|iPhone
		Release|iPhoneSimulator = Release|iPhoneSimulator
		Release|Mixed Platforms = Release|Mixed Platforms
		Release|x86 = Release|x86
	EndGlobalSection
	GlobalSection(ProjectConfigurationPlatforms) = postSolution
		{14C534B6-1984-41A9-A384-D3A5508588E3}.Ad-Hoc|Any CPU.ActiveCfg = Release|Any CPU
		{14C534B6-1984-41A9-A384-D3A5508588E3}.Ad-Hoc|Any CPU.Build.0 = Release|Any CPU
		{14C534B6-1984-41A9-A384-D3A5508588E3}.Ad-Hoc|ARM.ActiveCfg = Release|Any CPU
		{14C534B6-1984-41A9-A384-D3A5508588E3}.Ad-Hoc|iPhone.ActiveCfg = Release|Any CPU
		{14C534B6-1984-41A9-A384-D3A5508588E3}.Ad-Hoc|iPhoneSimulator.ActiveCfg = Release|Any CPU
		{14C534B6-1984-41A9-A384-D3A5508588E3}.Ad-Hoc|Mixed Platforms.ActiveCfg = Release|Any CPU
		{14C534B6-1984-41A9-A384-D3A5508588E3}.Ad-Hoc|Mixed Platforms.Build.0 = Release|Any CPU
		{14C534B6-1984-41A9-A384-D3A5508588E3}.Ad-Hoc|x86.ActiveCfg = Release|Any CPU
		{14C534B6-1984-41A9-A384-D3A5508588E3}.AppStore|Any CPU.ActiveCfg = Release|Any CPU
		{14C534B6-1984-41A9-A384-D3A5508588E3}.AppStore|Any CPU.Build.0 = Release|Any CPU
		{14C534B6-1984-41A9-A384-D3A5508588E3}.AppStore|ARM.ActiveCfg = Release|Any CPU
		{14C534B6-1984-41A9-A384-D3A5508588E3}.AppStore|iPhone.ActiveCfg = Release|Any CPU
		{14C534B6-1984-41A9-A384-D3A5508588E3}.AppStore|iPhoneSimulator.ActiveCfg = Release|Any CPU
		{14C534B6-1984-41A9-A384-D3A5508588E3}.AppStore|Mixed Platforms.ActiveCfg = Release|Any CPU
		{14C534B6-1984-41A9-A384-D3A5508588E3}.AppStore|Mixed Platforms.Build.0 = Release|Any CPU
		{14C534B6-1984-41A9-A384-D3A5508588E3}.AppStore|x86.ActiveCfg = Release|Any CPU
		{14C534B6-1984-41A9-A384-D3A5508588E3}.Debug|Any CPU.ActiveCfg = Debug|Any CPU
		{14C534B6-1984-41A9-A384-D3A5508588E3}.Debug|Any CPU.Build.0 = Debug|Any CPU
		{14C534B6-1984-41A9-A384-D3A5508588E3}.Debug|ARM.ActiveCfg = Debug|Any CPU
		{14C534B6-1984-41A9-A384-D3A5508588E3}.Debug|iPhone.ActiveCfg = Debug|Any CPU
		{14C534B6-1984-41A9-A384-D3A5508588E3}.Debug|iPhoneSimulator.ActiveCfg = Debug|Any CPU
		{14C534B6-1984-41A9-A384-D3A5508588E3}.Debug|iPhoneSimulator.Build.0 = Debug|Any CPU
		{14C534B6-1984-41A9-A384-D3A5508588E3}.Debug|Mixed Platforms.ActiveCfg = Debug|Any CPU
		{14C534B6-1984-41A9-A384-D3A5508588E3}.Debug|Mixed Platforms.Build.0 = Debug|Any CPU
		{14C534B6-1984-41A9-A384-D3A5508588E3}.Debug|x86.ActiveCfg = Debug|Any CPU
		{14C534B6-1984-41A9-A384-D3A5508588E3}.Debug|x86.Build.0 = Debug|Any CPU
		{14C534B6-1984-41A9-A384-D3A5508588E3}.Release|Any CPU.ActiveCfg = Release|Any CPU
		{14C534B6-1984-41A9-A384-D3A5508588E3}.Release|Any CPU.Build.0 = Release|Any CPU
		{14C534B6-1984-41A9-A384-D3A5508588E3}.Release|ARM.ActiveCfg = Release|Any CPU
		{14C534B6-1984-41A9-A384-D3A5508588E3}.Release|iPhone.ActiveCfg = Release|Any CPU
		{14C534B6-1984-41A9-A384-D3A5508588E3}.Release|iPhoneSimulator.ActiveCfg = Release|Any CPU
		{14C534B6-1984-41A9-A384-D3A5508588E3}.Release|Mixed Platforms.ActiveCfg = Release|Any CPU
		{14C534B6-1984-41A9-A384-D3A5508588E3}.Release|Mixed Platforms.Build.0 = Release|Any CPU
		{14C534B6-1984-41A9-A384-D3A5508588E3}.Release|x86.ActiveCfg = Release|Any CPU
		{D525F236-6A2D-4010-B1CC-4A4B8581C90B}.Ad-Hoc|Any CPU.ActiveCfg = Release|Any CPU
		{D525F236-6A2D-4010-B1CC-4A4B8581C90B}.Ad-Hoc|Any CPU.Build.0 = Release|Any CPU
		{D525F236-6A2D-4010-B1CC-4A4B8581C90B}.Ad-Hoc|ARM.ActiveCfg = Release|Any CPU
		{D525F236-6A2D-4010-B1CC-4A4B8581C90B}.Ad-Hoc|iPhone.ActiveCfg = Release|Any CPU
		{D525F236-6A2D-4010-B1CC-4A4B8581C90B}.Ad-Hoc|iPhoneSimulator.ActiveCfg = Release|Any CPU
		{D525F236-6A2D-4010-B1CC-4A4B8581C90B}.Ad-Hoc|Mixed Platforms.ActiveCfg = Release|Any CPU
		{D525F236-6A2D-4010-B1CC-4A4B8581C90B}.Ad-Hoc|Mixed Platforms.Build.0 = Release|Any CPU
		{D525F236-6A2D-4010-B1CC-4A4B8581C90B}.Ad-Hoc|x86.ActiveCfg = Release|Any CPU
		{D525F236-6A2D-4010-B1CC-4A4B8581C90B}.AppStore|Any CPU.ActiveCfg = Release|Any CPU
		{D525F236-6A2D-4010-B1CC-4A4B8581C90B}.AppStore|Any CPU.Build.0 = Release|Any CPU
		{D525F236-6A2D-4010-B1CC-4A4B8581C90B}.AppStore|ARM.ActiveCfg = Release|Any CPU
		{D525F236-6A2D-4010-B1CC-4A4B8581C90B}.AppStore|iPhone.ActiveCfg = Release|Any CPU
		{D525F236-6A2D-4010-B1CC-4A4B8581C90B}.AppStore|iPhoneSimulator.ActiveCfg = Release|Any CPU
		{D525F236-6A2D-4010-B1CC-4A4B8581C90B}.AppStore|Mixed Platforms.ActiveCfg = Release|Any CPU
		{D525F236-6A2D-4010-B1CC-4A4B8581C90B}.AppStore|Mixed Platforms.Build.0 = Release|Any CPU
		{D525F236-6A2D-4010-B1CC-4A4B8581C90B}.AppStore|x86.ActiveCfg = Release|Any CPU
		{D525F236-6A2D-4010-B1CC-4A4B8581C90B}.Debug|Any CPU.ActiveCfg = Debug|Any CPU
		{D525F236-6A2D-4010-B1CC-4A4B8581C90B}.Debug|Any CPU.Build.0 = Debug|Any CPU
		{D525F236-6A2D-4010-B1CC-4A4B8581C90B}.Debug|ARM.ActiveCfg = Debug|Any CPU
		{D525F236-6A2D-4010-B1CC-4A4B8581C90B}.Debug|iPhone.ActiveCfg = Debug|Any CPU
		{D525F236-6A2D-4010-B1CC-4A4B8581C90B}.Debug|iPhone.Build.0 = Debug|Any CPU
		{D525F236-6A2D-4010-B1CC-4A4B8581C90B}.Debug|iPhoneSimulator.ActiveCfg = Debug|Any CPU
		{D525F236-6A2D-4010-B1CC-4A4B8581C90B}.Debug|iPhoneSimulator.Build.0 = Debug|Any CPU
		{D525F236-6A2D-4010-B1CC-4A4B8581C90B}.Debug|Mixed Platforms.ActiveCfg = Debug|Any CPU
		{D525F236-6A2D-4010-B1CC-4A4B8581C90B}.Debug|Mixed Platforms.Build.0 = Debug|Any CPU
		{D525F236-6A2D-4010-B1CC-4A4B8581C90B}.Debug|x86.ActiveCfg = Debug|Any CPU
		{D525F236-6A2D-4010-B1CC-4A4B8581C90B}.Release|Any CPU.ActiveCfg = Release|Any CPU
		{D525F236-6A2D-4010-B1CC-4A4B8581C90B}.Release|Any CPU.Build.0 = Release|Any CPU
		{D525F236-6A2D-4010-B1CC-4A4B8581C90B}.Release|ARM.ActiveCfg = Release|Any CPU
		{D525F236-6A2D-4010-B1CC-4A4B8581C90B}.Release|iPhone.ActiveCfg = Release|Any CPU
		{D525F236-6A2D-4010-B1CC-4A4B8581C90B}.Release|iPhoneSimulator.ActiveCfg = Release|Any CPU
		{D525F236-6A2D-4010-B1CC-4A4B8581C90B}.Release|Mixed Platforms.ActiveCfg = Release|Any CPU
		{D525F236-6A2D-4010-B1CC-4A4B8581C90B}.Release|Mixed Platforms.Build.0 = Release|Any CPU
		{D525F236-6A2D-4010-B1CC-4A4B8581C90B}.Release|x86.ActiveCfg = Release|Any CPU
		{AD2D2DB4-E781-4CF1-9B62-3AAD264F196D}.Ad-Hoc|Any CPU.ActiveCfg = Release|Any CPU
		{AD2D2DB4-E781-4CF1-9B62-3AAD264F196D}.Ad-Hoc|Any CPU.Build.0 = Release|Any CPU
		{AD2D2DB4-E781-4CF1-9B62-3AAD264F196D}.Ad-Hoc|ARM.ActiveCfg = Release|Any CPU
		{AD2D2DB4-E781-4CF1-9B62-3AAD264F196D}.Ad-Hoc|iPhone.ActiveCfg = Release|Any CPU
		{AD2D2DB4-E781-4CF1-9B62-3AAD264F196D}.Ad-Hoc|iPhoneSimulator.ActiveCfg = Release|Any CPU
		{AD2D2DB4-E781-4CF1-9B62-3AAD264F196D}.Ad-Hoc|Mixed Platforms.ActiveCfg = Release|Any CPU
		{AD2D2DB4-E781-4CF1-9B62-3AAD264F196D}.Ad-Hoc|Mixed Platforms.Build.0 = Release|Any CPU
		{AD2D2DB4-E781-4CF1-9B62-3AAD264F196D}.Ad-Hoc|x86.ActiveCfg = Release|Any CPU
		{AD2D2DB4-E781-4CF1-9B62-3AAD264F196D}.AppStore|Any CPU.ActiveCfg = Release|Any CPU
		{AD2D2DB4-E781-4CF1-9B62-3AAD264F196D}.AppStore|Any CPU.Build.0 = Release|Any CPU
		{AD2D2DB4-E781-4CF1-9B62-3AAD264F196D}.AppStore|ARM.ActiveCfg = Release|Any CPU
		{AD2D2DB4-E781-4CF1-9B62-3AAD264F196D}.AppStore|iPhone.ActiveCfg = Release|Any CPU
		{AD2D2DB4-E781-4CF1-9B62-3AAD264F196D}.AppStore|iPhoneSimulator.ActiveCfg = Release|Any CPU
		{AD2D2DB4-E781-4CF1-9B62-3AAD264F196D}.AppStore|Mixed Platforms.ActiveCfg = Release|Any CPU
		{AD2D2DB4-E781-4CF1-9B62-3AAD264F196D}.AppStore|Mixed Platforms.Build.0 = Release|Any CPU
		{AD2D2DB4-E781-4CF1-9B62-3AAD264F196D}.AppStore|x86.ActiveCfg = Release|Any CPU
		{AD2D2DB4-E781-4CF1-9B62-3AAD264F196D}.Debug|Any CPU.ActiveCfg = Debug|Any CPU
		{AD2D2DB4-E781-4CF1-9B62-3AAD264F196D}.Debug|Any CPU.Build.0 = Debug|Any CPU
		{AD2D2DB4-E781-4CF1-9B62-3AAD264F196D}.Debug|ARM.ActiveCfg = Debug|Any CPU
		{AD2D2DB4-E781-4CF1-9B62-3AAD264F196D}.Debug|iPhone.ActiveCfg = Debug|Any CPU
		{AD2D2DB4-E781-4CF1-9B62-3AAD264F196D}.Debug|iPhoneSimulator.ActiveCfg = Debug|Any CPU
		{AD2D2DB4-E781-4CF1-9B62-3AAD264F196D}.Debug|Mixed Platforms.ActiveCfg = Debug|Any CPU
		{AD2D2DB4-E781-4CF1-9B62-3AAD264F196D}.Debug|Mixed Platforms.Build.0 = Debug|Any CPU
		{AD2D2DB4-E781-4CF1-9B62-3AAD264F196D}.Debug|x86.ActiveCfg = Debug|Any CPU
		{AD2D2DB4-E781-4CF1-9B62-3AAD264F196D}.Release|Any CPU.ActiveCfg = Release|Any CPU
		{AD2D2DB4-E781-4CF1-9B62-3AAD264F196D}.Release|Any CPU.Build.0 = Release|Any CPU
		{AD2D2DB4-E781-4CF1-9B62-3AAD264F196D}.Release|ARM.ActiveCfg = Release|Any CPU
		{AD2D2DB4-E781-4CF1-9B62-3AAD264F196D}.Release|iPhone.ActiveCfg = Release|Any CPU
		{AD2D2DB4-E781-4CF1-9B62-3AAD264F196D}.Release|iPhoneSimulator.ActiveCfg = Release|Any CPU
		{AD2D2DB4-E781-4CF1-9B62-3AAD264F196D}.Release|Mixed Platforms.ActiveCfg = Release|Any CPU
		{AD2D2DB4-E781-4CF1-9B62-3AAD264F196D}.Release|Mixed Platforms.Build.0 = Release|Any CPU
		{AD2D2DB4-E781-4CF1-9B62-3AAD264F196D}.Release|x86.ActiveCfg = Release|Any CPU
		{983B7EFF-7E75-4A87-890A-744A0B4C5232}.Ad-Hoc|Any CPU.ActiveCfg = Release|Any CPU
		{983B7EFF-7E75-4A87-890A-744A0B4C5232}.Ad-Hoc|Any CPU.Build.0 = Release|Any CPU
		{983B7EFF-7E75-4A87-890A-744A0B4C5232}.Ad-Hoc|ARM.ActiveCfg = Release|ARM
		{983B7EFF-7E75-4A87-890A-744A0B4C5232}.Ad-Hoc|ARM.Build.0 = Release|ARM
		{983B7EFF-7E75-4A87-890A-744A0B4C5232}.Ad-Hoc|iPhone.ActiveCfg = Release|Any CPU
		{983B7EFF-7E75-4A87-890A-744A0B4C5232}.Ad-Hoc|iPhoneSimulator.ActiveCfg = Release|Any CPU
		{983B7EFF-7E75-4A87-890A-744A0B4C5232}.Ad-Hoc|Mixed Platforms.ActiveCfg = Release|x86
		{983B7EFF-7E75-4A87-890A-744A0B4C5232}.Ad-Hoc|Mixed Platforms.Build.0 = Release|x86
		{983B7EFF-7E75-4A87-890A-744A0B4C5232}.Ad-Hoc|x86.ActiveCfg = Release|x86
		{983B7EFF-7E75-4A87-890A-744A0B4C5232}.Ad-Hoc|x86.Build.0 = Release|x86
		{983B7EFF-7E75-4A87-890A-744A0B4C5232}.AppStore|Any CPU.ActiveCfg = Release|Any CPU
		{983B7EFF-7E75-4A87-890A-744A0B4C5232}.AppStore|Any CPU.Build.0 = Release|Any CPU
		{983B7EFF-7E75-4A87-890A-744A0B4C5232}.AppStore|ARM.ActiveCfg = Release|ARM
		{983B7EFF-7E75-4A87-890A-744A0B4C5232}.AppStore|ARM.Build.0 = Release|ARM
		{983B7EFF-7E75-4A87-890A-744A0B4C5232}.AppStore|iPhone.ActiveCfg = Release|Any CPU
		{983B7EFF-7E75-4A87-890A-744A0B4C5232}.AppStore|iPhoneSimulator.ActiveCfg = Release|Any CPU
		{983B7EFF-7E75-4A87-890A-744A0B4C5232}.AppStore|Mixed Platforms.ActiveCfg = Release|x86
		{983B7EFF-7E75-4A87-890A-744A0B4C5232}.AppStore|Mixed Platforms.Build.0 = Release|x86
		{983B7EFF-7E75-4A87-890A-744A0B4C5232}.AppStore|x86.ActiveCfg = Release|x86
		{983B7EFF-7E75-4A87-890A-744A0B4C5232}.AppStore|x86.Build.0 = Release|x86
		{983B7EFF-7E75-4A87-890A-744A0B4C5232}.Debug|Any CPU.ActiveCfg = Debug|Any CPU
		{983B7EFF-7E75-4A87-890A-744A0B4C5232}.Debug|Any CPU.Build.0 = Debug|Any CPU
		{983B7EFF-7E75-4A87-890A-744A0B4C5232}.Debug|ARM.ActiveCfg = Debug|ARM
		{983B7EFF-7E75-4A87-890A-744A0B4C5232}.Debug|ARM.Build.0 = Debug|ARM
		{983B7EFF-7E75-4A87-890A-744A0B4C5232}.Debug|iPhone.ActiveCfg = Debug|Any CPU
		{983B7EFF-7E75-4A87-890A-744A0B4C5232}.Debug|iPhoneSimulator.ActiveCfg = Debug|Any CPU
		{983B7EFF-7E75-4A87-890A-744A0B4C5232}.Debug|Mixed Platforms.ActiveCfg = Debug|x86
		{983B7EFF-7E75-4A87-890A-744A0B4C5232}.Debug|Mixed Platforms.Build.0 = Debug|x86
		{983B7EFF-7E75-4A87-890A-744A0B4C5232}.Debug|x86.ActiveCfg = Debug|x86
		{983B7EFF-7E75-4A87-890A-744A0B4C5232}.Debug|x86.Build.0 = Debug|x86
		{983B7EFF-7E75-4A87-890A-744A0B4C5232}.Release|Any CPU.ActiveCfg = Release|Any CPU
		{983B7EFF-7E75-4A87-890A-744A0B4C5232}.Release|Any CPU.Build.0 = Release|Any CPU
		{983B7EFF-7E75-4A87-890A-744A0B4C5232}.Release|ARM.ActiveCfg = Release|ARM
		{983B7EFF-7E75-4A87-890A-744A0B4C5232}.Release|ARM.Build.0 = Release|ARM
		{983B7EFF-7E75-4A87-890A-744A0B4C5232}.Release|iPhone.ActiveCfg = Release|Any CPU
		{983B7EFF-7E75-4A87-890A-744A0B4C5232}.Release|iPhoneSimulator.ActiveCfg = Release|Any CPU
		{983B7EFF-7E75-4A87-890A-744A0B4C5232}.Release|Mixed Platforms.ActiveCfg = Release|x86
		{983B7EFF-7E75-4A87-890A-744A0B4C5232}.Release|Mixed Platforms.Build.0 = Release|x86
		{983B7EFF-7E75-4A87-890A-744A0B4C5232}.Release|x86.ActiveCfg = Release|x86
		{983B7EFF-7E75-4A87-890A-744A0B4C5232}.Release|x86.Build.0 = Release|x86
		{766CEEEE-3AD1-4F14-AAF2-9D26990F1E40}.Ad-Hoc|Any CPU.ActiveCfg = Release|Any CPU
		{766CEEEE-3AD1-4F14-AAF2-9D26990F1E40}.Ad-Hoc|Any CPU.Build.0 = Release|Any CPU
		{766CEEEE-3AD1-4F14-AAF2-9D26990F1E40}.Ad-Hoc|ARM.ActiveCfg = Release|Any CPU
		{766CEEEE-3AD1-4F14-AAF2-9D26990F1E40}.Ad-Hoc|iPhone.ActiveCfg = Release|Any CPU
		{766CEEEE-3AD1-4F14-AAF2-9D26990F1E40}.Ad-Hoc|iPhoneSimulator.ActiveCfg = Release|Any CPU
		{766CEEEE-3AD1-4F14-AAF2-9D26990F1E40}.Ad-Hoc|Mixed Platforms.ActiveCfg = Release|Any CPU
		{766CEEEE-3AD1-4F14-AAF2-9D26990F1E40}.Ad-Hoc|Mixed Platforms.Build.0 = Release|Any CPU
		{766CEEEE-3AD1-4F14-AAF2-9D26990F1E40}.Ad-Hoc|x86.ActiveCfg = Release|Any CPU
		{766CEEEE-3AD1-4F14-AAF2-9D26990F1E40}.AppStore|Any CPU.ActiveCfg = Release|Any CPU
		{766CEEEE-3AD1-4F14-AAF2-9D26990F1E40}.AppStore|Any CPU.Build.0 = Release|Any CPU
		{766CEEEE-3AD1-4F14-AAF2-9D26990F1E40}.AppStore|ARM.ActiveCfg = Release|Any CPU
		{766CEEEE-3AD1-4F14-AAF2-9D26990F1E40}.AppStore|iPhone.ActiveCfg = Release|Any CPU
		{766CEEEE-3AD1-4F14-AAF2-9D26990F1E40}.AppStore|iPhoneSimulator.ActiveCfg = Release|Any CPU
		{766CEEEE-3AD1-4F14-AAF2-9D26990F1E40}.AppStore|Mixed Platforms.ActiveCfg = Release|Any CPU
		{766CEEEE-3AD1-4F14-AAF2-9D26990F1E40}.AppStore|Mixed Platforms.Build.0 = Release|Any CPU
		{766CEEEE-3AD1-4F14-AAF2-9D26990F1E40}.AppStore|x86.ActiveCfg = Release|Any CPU
		{766CEEEE-3AD1-4F14-AAF2-9D26990F1E40}.Debug|Any CPU.ActiveCfg = Debug|Any CPU
		{766CEEEE-3AD1-4F14-AAF2-9D26990F1E40}.Debug|Any CPU.Build.0 = Debug|Any CPU
		{766CEEEE-3AD1-4F14-AAF2-9D26990F1E40}.Debug|ARM.ActiveCfg = Debug|Any CPU
		{766CEEEE-3AD1-4F14-AAF2-9D26990F1E40}.Debug|iPhone.ActiveCfg = Debug|Any CPU
		{766CEEEE-3AD1-4F14-AAF2-9D26990F1E40}.Debug|iPhone.Build.0 = Debug|Any CPU
		{766CEEEE-3AD1-4F14-AAF2-9D26990F1E40}.Debug|iPhoneSimulator.ActiveCfg = Debug|Any CPU
		{766CEEEE-3AD1-4F14-AAF2-9D26990F1E40}.Debug|iPhoneSimulator.Build.0 = Debug|Any CPU
		{766CEEEE-3AD1-4F14-AAF2-9D26990F1E40}.Debug|Mixed Platforms.ActiveCfg = Debug|Any CPU
		{766CEEEE-3AD1-4F14-AAF2-9D26990F1E40}.Debug|Mixed Platforms.Build.0 = Debug|Any CPU
		{766CEEEE-3AD1-4F14-AAF2-9D26990F1E40}.Debug|x86.ActiveCfg = Debug|Any CPU
		{766CEEEE-3AD1-4F14-AAF2-9D26990F1E40}.Release|Any CPU.ActiveCfg = Release|Any CPU
		{766CEEEE-3AD1-4F14-AAF2-9D26990F1E40}.Release|Any CPU.Build.0 = Release|Any CPU
		{766CEEEE-3AD1-4F14-AAF2-9D26990F1E40}.Release|ARM.ActiveCfg = Release|Any CPU
		{766CEEEE-3AD1-4F14-AAF2-9D26990F1E40}.Release|iPhone.ActiveCfg = Release|Any CPU
		{766CEEEE-3AD1-4F14-AAF2-9D26990F1E40}.Release|iPhoneSimulator.ActiveCfg = Release|Any CPU
		{766CEEEE-3AD1-4F14-AAF2-9D26990F1E40}.Release|Mixed Platforms.ActiveCfg = Release|Any CPU
		{766CEEEE-3AD1-4F14-AAF2-9D26990F1E40}.Release|Mixed Platforms.Build.0 = Release|Any CPU
		{766CEEEE-3AD1-4F14-AAF2-9D26990F1E40}.Release|x86.ActiveCfg = Release|Any CPU
		{95E19016-3928-4222-A463-84C3E02BDBB0}.Ad-Hoc|Any CPU.ActiveCfg = Release|Any CPU
		{95E19016-3928-4222-A463-84C3E02BDBB0}.Ad-Hoc|Any CPU.Build.0 = Release|Any CPU
		{95E19016-3928-4222-A463-84C3E02BDBB0}.Ad-Hoc|ARM.ActiveCfg = Release|Any CPU
		{95E19016-3928-4222-A463-84C3E02BDBB0}.Ad-Hoc|iPhone.ActiveCfg = Release|Any CPU
		{95E19016-3928-4222-A463-84C3E02BDBB0}.Ad-Hoc|iPhoneSimulator.ActiveCfg = Release|Any CPU
		{95E19016-3928-4222-A463-84C3E02BDBB0}.Ad-Hoc|Mixed Platforms.ActiveCfg = Release|Any CPU
		{95E19016-3928-4222-A463-84C3E02BDBB0}.Ad-Hoc|Mixed Platforms.Build.0 = Release|Any CPU
		{95E19016-3928-4222-A463-84C3E02BDBB0}.Ad-Hoc|x86.ActiveCfg = Release|Any CPU
		{95E19016-3928-4222-A463-84C3E02BDBB0}.AppStore|Any CPU.ActiveCfg = Release|Any CPU
		{95E19016-3928-4222-A463-84C3E02BDBB0}.AppStore|Any CPU.Build.0 = Release|Any CPU
		{95E19016-3928-4222-A463-84C3E02BDBB0}.AppStore|ARM.ActiveCfg = Release|Any CPU
		{95E19016-3928-4222-A463-84C3E02BDBB0}.AppStore|iPhone.ActiveCfg = Release|Any CPU
		{95E19016-3928-4222-A463-84C3E02BDBB0}.AppStore|iPhoneSimulator.ActiveCfg = Release|Any CPU
		{95E19016-3928-4222-A463-84C3E02BDBB0}.AppStore|Mixed Platforms.ActiveCfg = Release|Any CPU
		{95E19016-3928-4222-A463-84C3E02BDBB0}.AppStore|Mixed Platforms.Build.0 = Release|Any CPU
		{95E19016-3928-4222-A463-84C3E02BDBB0}.AppStore|x86.ActiveCfg = Release|Any CPU
		{95E19016-3928-4222-A463-84C3E02BDBB0}.Debug|Any CPU.ActiveCfg = Debug|Any CPU
		{95E19016-3928-4222-A463-84C3E02BDBB0}.Debug|Any CPU.Build.0 = Debug|Any CPU
		{95E19016-3928-4222-A463-84C3E02BDBB0}.Debug|ARM.ActiveCfg = Debug|Any CPU
		{95E19016-3928-4222-A463-84C3E02BDBB0}.Debug|iPhone.ActiveCfg = Debug|Any CPU
		{95E19016-3928-4222-A463-84C3E02BDBB0}.Debug|iPhone.Build.0 = Debug|Any CPU
		{95E19016-3928-4222-A463-84C3E02BDBB0}.Debug|iPhoneSimulator.ActiveCfg = Debug|Any CPU
		{95E19016-3928-4222-A463-84C3E02BDBB0}.Debug|iPhoneSimulator.Build.0 = Debug|Any CPU
		{95E19016-3928-4222-A463-84C3E02BDBB0}.Debug|Mixed Platforms.ActiveCfg = Debug|Any CPU
		{95E19016-3928-4222-A463-84C3E02BDBB0}.Debug|Mixed Platforms.Build.0 = Debug|Any CPU
		{95E19016-3928-4222-A463-84C3E02BDBB0}.Debug|x86.ActiveCfg = Debug|Any CPU
		{95E19016-3928-4222-A463-84C3E02BDBB0}.Debug|x86.Build.0 = Debug|Any CPU
		{95E19016-3928-4222-A463-84C3E02BDBB0}.Release|Any CPU.ActiveCfg = Release|Any CPU
		{95E19016-3928-4222-A463-84C3E02BDBB0}.Release|Any CPU.Build.0 = Release|Any CPU
		{95E19016-3928-4222-A463-84C3E02BDBB0}.Release|ARM.ActiveCfg = Release|Any CPU
		{95E19016-3928-4222-A463-84C3E02BDBB0}.Release|iPhone.ActiveCfg = Release|Any CPU
		{95E19016-3928-4222-A463-84C3E02BDBB0}.Release|iPhoneSimulator.ActiveCfg = Release|Any CPU
		{95E19016-3928-4222-A463-84C3E02BDBB0}.Release|Mixed Platforms.ActiveCfg = Release|Any CPU
		{95E19016-3928-4222-A463-84C3E02BDBB0}.Release|Mixed Platforms.Build.0 = Release|Any CPU
		{95E19016-3928-4222-A463-84C3E02BDBB0}.Release|x86.ActiveCfg = Release|Any CPU
		{D46A098B-15C0-4803-840F-34C8906C89AB}.Ad-Hoc|Any CPU.ActiveCfg = Ad-Hoc|iPhone
		{D46A098B-15C0-4803-840F-34C8906C89AB}.Ad-Hoc|ARM.ActiveCfg = Ad-Hoc|iPhone
		{D46A098B-15C0-4803-840F-34C8906C89AB}.Ad-Hoc|iPhone.ActiveCfg = Ad-Hoc|iPhone
		{D46A098B-15C0-4803-840F-34C8906C89AB}.Ad-Hoc|iPhone.Build.0 = Ad-Hoc|iPhone
		{D46A098B-15C0-4803-840F-34C8906C89AB}.Ad-Hoc|iPhoneSimulator.ActiveCfg = Ad-Hoc|iPhoneSimulator
		{D46A098B-15C0-4803-840F-34C8906C89AB}.Ad-Hoc|iPhoneSimulator.Build.0 = Ad-Hoc|iPhoneSimulator
		{D46A098B-15C0-4803-840F-34C8906C89AB}.Ad-Hoc|Mixed Platforms.ActiveCfg = Ad-Hoc|iPhone
		{D46A098B-15C0-4803-840F-34C8906C89AB}.Ad-Hoc|Mixed Platforms.Build.0 = Ad-Hoc|iPhone
		{D46A098B-15C0-4803-840F-34C8906C89AB}.Ad-Hoc|x86.ActiveCfg = Ad-Hoc|iPhone
		{D46A098B-15C0-4803-840F-34C8906C89AB}.AppStore|Any CPU.ActiveCfg = AppStore|iPhone
		{D46A098B-15C0-4803-840F-34C8906C89AB}.AppStore|ARM.ActiveCfg = AppStore|iPhone
		{D46A098B-15C0-4803-840F-34C8906C89AB}.AppStore|iPhone.ActiveCfg = AppStore|iPhone
		{D46A098B-15C0-4803-840F-34C8906C89AB}.AppStore|iPhone.Build.0 = AppStore|iPhone
		{D46A098B-15C0-4803-840F-34C8906C89AB}.AppStore|iPhoneSimulator.ActiveCfg = AppStore|iPhoneSimulator
		{D46A098B-15C0-4803-840F-34C8906C89AB}.AppStore|iPhoneSimulator.Build.0 = AppStore|iPhoneSimulator
		{D46A098B-15C0-4803-840F-34C8906C89AB}.AppStore|Mixed Platforms.ActiveCfg = AppStore|iPhone
		{D46A098B-15C0-4803-840F-34C8906C89AB}.AppStore|Mixed Platforms.Build.0 = AppStore|iPhone
		{D46A098B-15C0-4803-840F-34C8906C89AB}.AppStore|x86.ActiveCfg = AppStore|iPhone
		{D46A098B-15C0-4803-840F-34C8906C89AB}.Debug|Any CPU.ActiveCfg = Debug|iPhone
		{D46A098B-15C0-4803-840F-34C8906C89AB}.Debug|Any CPU.Build.0 = Debug|iPhone
		{D46A098B-15C0-4803-840F-34C8906C89AB}.Debug|ARM.ActiveCfg = Debug|iPhone
		{D46A098B-15C0-4803-840F-34C8906C89AB}.Debug|iPhone.ActiveCfg = Debug|iPhone
		{D46A098B-15C0-4803-840F-34C8906C89AB}.Debug|iPhone.Build.0 = Debug|iPhone
		{D46A098B-15C0-4803-840F-34C8906C89AB}.Debug|iPhoneSimulator.ActiveCfg = Debug|iPhoneSimulator
		{D46A098B-15C0-4803-840F-34C8906C89AB}.Debug|iPhoneSimulator.Build.0 = Debug|iPhoneSimulator
		{D46A098B-15C0-4803-840F-34C8906C89AB}.Debug|Mixed Platforms.ActiveCfg = Debug|iPhone
		{D46A098B-15C0-4803-840F-34C8906C89AB}.Debug|Mixed Platforms.Build.0 = Debug|iPhone
		{D46A098B-15C0-4803-840F-34C8906C89AB}.Debug|x86.ActiveCfg = Debug|iPhone
		{D46A098B-15C0-4803-840F-34C8906C89AB}.Release|Any CPU.ActiveCfg = Release|iPhone
		{D46A098B-15C0-4803-840F-34C8906C89AB}.Release|ARM.ActiveCfg = Release|iPhone
		{D46A098B-15C0-4803-840F-34C8906C89AB}.Release|iPhone.ActiveCfg = Release|iPhone
		{D46A098B-15C0-4803-840F-34C8906C89AB}.Release|iPhone.Build.0 = Release|iPhone
		{D46A098B-15C0-4803-840F-34C8906C89AB}.Release|iPhoneSimulator.ActiveCfg = Release|iPhoneSimulator
		{D46A098B-15C0-4803-840F-34C8906C89AB}.Release|iPhoneSimulator.Build.0 = Release|iPhoneSimulator
		{D46A098B-15C0-4803-840F-34C8906C89AB}.Release|Mixed Platforms.ActiveCfg = Release|iPhone
		{D46A098B-15C0-4803-840F-34C8906C89AB}.Release|Mixed Platforms.Build.0 = Release|iPhone
		{D46A098B-15C0-4803-840F-34C8906C89AB}.Release|x86.ActiveCfg = Release|iPhone
		{2EE6C180-B6F2-4CA7-BF09-39AB8EAC13E0}.Ad-Hoc|Any CPU.ActiveCfg = Release|Any CPU
		{2EE6C180-B6F2-4CA7-BF09-39AB8EAC13E0}.Ad-Hoc|Any CPU.Build.0 = Release|Any CPU
		{2EE6C180-B6F2-4CA7-BF09-39AB8EAC13E0}.Ad-Hoc|Any CPU.Deploy.0 = Release|Any CPU
		{2EE6C180-B6F2-4CA7-BF09-39AB8EAC13E0}.Ad-Hoc|ARM.ActiveCfg = Release|Any CPU
		{2EE6C180-B6F2-4CA7-BF09-39AB8EAC13E0}.Ad-Hoc|iPhone.ActiveCfg = Release|Any CPU
		{2EE6C180-B6F2-4CA7-BF09-39AB8EAC13E0}.Ad-Hoc|iPhoneSimulator.ActiveCfg = Release|Any CPU
		{2EE6C180-B6F2-4CA7-BF09-39AB8EAC13E0}.Ad-Hoc|Mixed Platforms.ActiveCfg = Release|Any CPU
		{2EE6C180-B6F2-4CA7-BF09-39AB8EAC13E0}.Ad-Hoc|Mixed Platforms.Build.0 = Release|Any CPU
		{2EE6C180-B6F2-4CA7-BF09-39AB8EAC13E0}.Ad-Hoc|Mixed Platforms.Deploy.0 = Release|Any CPU
		{2EE6C180-B6F2-4CA7-BF09-39AB8EAC13E0}.Ad-Hoc|x86.ActiveCfg = Release|Any CPU
		{2EE6C180-B6F2-4CA7-BF09-39AB8EAC13E0}.AppStore|Any CPU.ActiveCfg = Release|Any CPU
		{2EE6C180-B6F2-4CA7-BF09-39AB8EAC13E0}.AppStore|Any CPU.Build.0 = Release|Any CPU
		{2EE6C180-B6F2-4CA7-BF09-39AB8EAC13E0}.AppStore|Any CPU.Deploy.0 = Release|Any CPU
		{2EE6C180-B6F2-4CA7-BF09-39AB8EAC13E0}.AppStore|ARM.ActiveCfg = Release|Any CPU
		{2EE6C180-B6F2-4CA7-BF09-39AB8EAC13E0}.AppStore|iPhone.ActiveCfg = Release|Any CPU
		{2EE6C180-B6F2-4CA7-BF09-39AB8EAC13E0}.AppStore|iPhoneSimulator.ActiveCfg = Release|Any CPU
		{2EE6C180-B6F2-4CA7-BF09-39AB8EAC13E0}.AppStore|Mixed Platforms.ActiveCfg = Release|Any CPU
		{2EE6C180-B6F2-4CA7-BF09-39AB8EAC13E0}.AppStore|Mixed Platforms.Build.0 = Release|Any CPU
		{2EE6C180-B6F2-4CA7-BF09-39AB8EAC13E0}.AppStore|Mixed Platforms.Deploy.0 = Release|Any CPU
		{2EE6C180-B6F2-4CA7-BF09-39AB8EAC13E0}.AppStore|x86.ActiveCfg = Release|Any CPU
		{2EE6C180-B6F2-4CA7-BF09-39AB8EAC13E0}.Debug|Any CPU.ActiveCfg = Debug|Any CPU
		{2EE6C180-B6F2-4CA7-BF09-39AB8EAC13E0}.Debug|Any CPU.Build.0 = Debug|Any CPU
		{2EE6C180-B6F2-4CA7-BF09-39AB8EAC13E0}.Debug|Any CPU.Deploy.0 = Debug|Any CPU
		{2EE6C180-B6F2-4CA7-BF09-39AB8EAC13E0}.Debug|ARM.ActiveCfg = Debug|Any CPU
		{2EE6C180-B6F2-4CA7-BF09-39AB8EAC13E0}.Debug|iPhone.ActiveCfg = Debug|Any CPU
		{2EE6C180-B6F2-4CA7-BF09-39AB8EAC13E0}.Debug|iPhoneSimulator.ActiveCfg = Debug|Any CPU
		{2EE6C180-B6F2-4CA7-BF09-39AB8EAC13E0}.Debug|Mixed Platforms.ActiveCfg = Debug|Any CPU
		{2EE6C180-B6F2-4CA7-BF09-39AB8EAC13E0}.Debug|Mixed Platforms.Build.0 = Debug|Any CPU
		{2EE6C180-B6F2-4CA7-BF09-39AB8EAC13E0}.Debug|Mixed Platforms.Deploy.0 = Debug|Any CPU
		{2EE6C180-B6F2-4CA7-BF09-39AB8EAC13E0}.Debug|x86.ActiveCfg = Debug|Any CPU
		{2EE6C180-B6F2-4CA7-BF09-39AB8EAC13E0}.Release|Any CPU.ActiveCfg = Release|Any CPU
		{2EE6C180-B6F2-4CA7-BF09-39AB8EAC13E0}.Release|Any CPU.Build.0 = Release|Any CPU
		{2EE6C180-B6F2-4CA7-BF09-39AB8EAC13E0}.Release|Any CPU.Deploy.0 = Release|Any CPU
		{2EE6C180-B6F2-4CA7-BF09-39AB8EAC13E0}.Release|ARM.ActiveCfg = Release|Any CPU
		{2EE6C180-B6F2-4CA7-BF09-39AB8EAC13E0}.Release|iPhone.ActiveCfg = Release|Any CPU
		{2EE6C180-B6F2-4CA7-BF09-39AB8EAC13E0}.Release|iPhoneSimulator.ActiveCfg = Release|Any CPU
		{2EE6C180-B6F2-4CA7-BF09-39AB8EAC13E0}.Release|Mixed Platforms.ActiveCfg = Release|Any CPU
		{2EE6C180-B6F2-4CA7-BF09-39AB8EAC13E0}.Release|Mixed Platforms.Build.0 = Release|Any CPU
		{2EE6C180-B6F2-4CA7-BF09-39AB8EAC13E0}.Release|Mixed Platforms.Deploy.0 = Release|Any CPU
		{2EE6C180-B6F2-4CA7-BF09-39AB8EAC13E0}.Release|x86.ActiveCfg = Release|Any CPU
		{12F69593-580A-4A0A-A32C-19D3E89BA6EF}.Ad-Hoc|Any CPU.ActiveCfg = Release|Any CPU
		{12F69593-580A-4A0A-A32C-19D3E89BA6EF}.Ad-Hoc|Any CPU.Build.0 = Release|Any CPU
		{12F69593-580A-4A0A-A32C-19D3E89BA6EF}.Ad-Hoc|Any CPU.Deploy.0 = Release|Any CPU
		{12F69593-580A-4A0A-A32C-19D3E89BA6EF}.Ad-Hoc|ARM.ActiveCfg = Release|ARM
		{12F69593-580A-4A0A-A32C-19D3E89BA6EF}.Ad-Hoc|ARM.Build.0 = Release|ARM
		{12F69593-580A-4A0A-A32C-19D3E89BA6EF}.Ad-Hoc|ARM.Deploy.0 = Release|ARM
		{12F69593-580A-4A0A-A32C-19D3E89BA6EF}.Ad-Hoc|iPhone.ActiveCfg = Release|Any CPU
		{12F69593-580A-4A0A-A32C-19D3E89BA6EF}.Ad-Hoc|iPhoneSimulator.ActiveCfg = Release|Any CPU
		{12F69593-580A-4A0A-A32C-19D3E89BA6EF}.Ad-Hoc|Mixed Platforms.ActiveCfg = Release|x86
		{12F69593-580A-4A0A-A32C-19D3E89BA6EF}.Ad-Hoc|Mixed Platforms.Build.0 = Release|x86
		{12F69593-580A-4A0A-A32C-19D3E89BA6EF}.Ad-Hoc|Mixed Platforms.Deploy.0 = Release|x86
		{12F69593-580A-4A0A-A32C-19D3E89BA6EF}.Ad-Hoc|x86.ActiveCfg = Release|x86
		{12F69593-580A-4A0A-A32C-19D3E89BA6EF}.Ad-Hoc|x86.Build.0 = Release|x86
		{12F69593-580A-4A0A-A32C-19D3E89BA6EF}.Ad-Hoc|x86.Deploy.0 = Release|x86
		{12F69593-580A-4A0A-A32C-19D3E89BA6EF}.AppStore|Any CPU.ActiveCfg = Release|Any CPU
		{12F69593-580A-4A0A-A32C-19D3E89BA6EF}.AppStore|Any CPU.Build.0 = Release|Any CPU
		{12F69593-580A-4A0A-A32C-19D3E89BA6EF}.AppStore|Any CPU.Deploy.0 = Release|Any CPU
		{12F69593-580A-4A0A-A32C-19D3E89BA6EF}.AppStore|ARM.ActiveCfg = Release|ARM
		{12F69593-580A-4A0A-A32C-19D3E89BA6EF}.AppStore|ARM.Build.0 = Release|ARM
		{12F69593-580A-4A0A-A32C-19D3E89BA6EF}.AppStore|ARM.Deploy.0 = Release|ARM
		{12F69593-580A-4A0A-A32C-19D3E89BA6EF}.AppStore|iPhone.ActiveCfg = Release|Any CPU
		{12F69593-580A-4A0A-A32C-19D3E89BA6EF}.AppStore|iPhoneSimulator.ActiveCfg = Release|Any CPU
		{12F69593-580A-4A0A-A32C-19D3E89BA6EF}.AppStore|Mixed Platforms.ActiveCfg = Release|x86
		{12F69593-580A-4A0A-A32C-19D3E89BA6EF}.AppStore|Mixed Platforms.Build.0 = Release|x86
		{12F69593-580A-4A0A-A32C-19D3E89BA6EF}.AppStore|Mixed Platforms.Deploy.0 = Release|x86
		{12F69593-580A-4A0A-A32C-19D3E89BA6EF}.AppStore|x86.ActiveCfg = Release|x86
		{12F69593-580A-4A0A-A32C-19D3E89BA6EF}.AppStore|x86.Build.0 = Release|x86
		{12F69593-580A-4A0A-A32C-19D3E89BA6EF}.AppStore|x86.Deploy.0 = Release|x86
		{12F69593-580A-4A0A-A32C-19D3E89BA6EF}.Debug|Any CPU.ActiveCfg = Debug|Any CPU
		{12F69593-580A-4A0A-A32C-19D3E89BA6EF}.Debug|Any CPU.Build.0 = Debug|Any CPU
		{12F69593-580A-4A0A-A32C-19D3E89BA6EF}.Debug|Any CPU.Deploy.0 = Debug|Any CPU
		{12F69593-580A-4A0A-A32C-19D3E89BA6EF}.Debug|ARM.ActiveCfg = Debug|ARM
		{12F69593-580A-4A0A-A32C-19D3E89BA6EF}.Debug|ARM.Build.0 = Debug|ARM
		{12F69593-580A-4A0A-A32C-19D3E89BA6EF}.Debug|ARM.Deploy.0 = Debug|ARM
		{12F69593-580A-4A0A-A32C-19D3E89BA6EF}.Debug|iPhone.ActiveCfg = Debug|Any CPU
		{12F69593-580A-4A0A-A32C-19D3E89BA6EF}.Debug|iPhoneSimulator.ActiveCfg = Debug|Any CPU
		{12F69593-580A-4A0A-A32C-19D3E89BA6EF}.Debug|Mixed Platforms.ActiveCfg = Debug|x86
		{12F69593-580A-4A0A-A32C-19D3E89BA6EF}.Debug|Mixed Platforms.Build.0 = Debug|x86
		{12F69593-580A-4A0A-A32C-19D3E89BA6EF}.Debug|Mixed Platforms.Deploy.0 = Debug|x86
		{12F69593-580A-4A0A-A32C-19D3E89BA6EF}.Debug|x86.ActiveCfg = Debug|x86
		{12F69593-580A-4A0A-A32C-19D3E89BA6EF}.Debug|x86.Build.0 = Debug|x86
		{12F69593-580A-4A0A-A32C-19D3E89BA6EF}.Debug|x86.Deploy.0 = Debug|x86
		{12F69593-580A-4A0A-A32C-19D3E89BA6EF}.Release|Any CPU.ActiveCfg = Release|Any CPU
		{12F69593-580A-4A0A-A32C-19D3E89BA6EF}.Release|Any CPU.Build.0 = Release|Any CPU
		{12F69593-580A-4A0A-A32C-19D3E89BA6EF}.Release|Any CPU.Deploy.0 = Release|Any CPU
		{12F69593-580A-4A0A-A32C-19D3E89BA6EF}.Release|ARM.ActiveCfg = Release|ARM
		{12F69593-580A-4A0A-A32C-19D3E89BA6EF}.Release|ARM.Build.0 = Release|ARM
		{12F69593-580A-4A0A-A32C-19D3E89BA6EF}.Release|ARM.Deploy.0 = Release|ARM
		{12F69593-580A-4A0A-A32C-19D3E89BA6EF}.Release|iPhone.ActiveCfg = Release|Any CPU
		{12F69593-580A-4A0A-A32C-19D3E89BA6EF}.Release|iPhoneSimulator.ActiveCfg = Release|Any CPU
		{12F69593-580A-4A0A-A32C-19D3E89BA6EF}.Release|Mixed Platforms.ActiveCfg = Release|x86
		{12F69593-580A-4A0A-A32C-19D3E89BA6EF}.Release|Mixed Platforms.Build.0 = Release|x86
		{12F69593-580A-4A0A-A32C-19D3E89BA6EF}.Release|Mixed Platforms.Deploy.0 = Release|x86
		{12F69593-580A-4A0A-A32C-19D3E89BA6EF}.Release|x86.ActiveCfg = Release|x86
		{12F69593-580A-4A0A-A32C-19D3E89BA6EF}.Release|x86.Build.0 = Release|x86
		{12F69593-580A-4A0A-A32C-19D3E89BA6EF}.Release|x86.Deploy.0 = Release|x86
	EndGlobalSection
	GlobalSection(SolutionProperties) = preSolution
		HideSolutionNode = FALSE
	EndGlobalSection
EndGlobal
